
Microsoft Visual Studio Solution File, Format Version 12.00
# Visual Studio Version 16
VisualStudioVersion = 16.0.30204.135
MinimumVisualStudioVersion = 10.0.40219.1
Project("{2150E333-8FDC-42A3-9474-1A3956D46DE8}") = "src", "src", "{674D6F1D-297B-47C2-8168-D8B91E3DB589}"
EndProject
Project("{9A19103F-16F7-4668-BE54-9A1E7A4F7556}") = "MakersOfDenmark.WebAPI", "src\MakersOfDenmark.WebAPI\MakersOfDenmark.WebAPI.csproj", "{C3B4E246-AF6F-401F-960F-06305AD70364}"
EndProject
Project("{2150E333-8FDC-42A3-9474-1A3956D46DE8}") = "tests", "tests", "{D8F12AF3-38F9-4EE5-B838-BCB4BEA36FD4}"
EndProject
Project("{9A19103F-16F7-4668-BE54-9A1E7A4F7556}") = "MakersOfDenmark.Domain", "src\MakersOfDenmark.Domain\MakersOfDenmark.Domain.csproj", "{F270BC4D-BD71-4922-A751-131D8CF13482}"
EndProject
Project("{9A19103F-16F7-4668-BE54-9A1E7A4F7556}") = "MakersOfDenmark.Application", "src\MakersOfDenmark.Application\MakersOfDenmark.Application.csproj", "{CEA24EB9-D82F-426B-802C-5D255B452456}"
EndProject
Project("{9A19103F-16F7-4668-BE54-9A1E7A4F7556}") = "MakersOfDenmark.Infrastructure", "src\MakersOfDenmark.Infrastructure\MakersOfDenmark.Infrastructure.csproj", "{10DC8E11-D843-45AC-A04E-DCAA98AB79D4}"
EndProject
Project("{2150E333-8FDC-42A3-9474-1A3956D46DE8}") = "database", "database", "{F33F0513-215B-440A-8876-1D113B664EDA}"
	ProjectSection(SolutionItems) = preProject
		database\build.bat = database\build.bat
		database\run.bat = database\run.bat
		database\runDetatched.bat = database\runDetatched.bat
	EndProjectSection
EndProject
Project("{2150E333-8FDC-42A3-9474-1A3956D46DE8}") = "DockerBuild", "DockerBuild", "{578CC49D-2476-41DC-B9D5-EFAB27F367AF}"
	ProjectSection(SolutionItems) = preProject
		database\DockerBuild\createDB.sql = database\DockerBuild\createDB.sql
		database\DockerBuild\Dockerfile = database\DockerBuild\Dockerfile
		database\DockerBuild\entrypoint.sh = database\DockerBuild\entrypoint.sh
		database\DockerBuild\run-initialization.sh = database\DockerBuild\run-initialization.sh
	EndProjectSection
EndProject
Project("{2150E333-8FDC-42A3-9474-1A3956D46DE8}") = "Documentation", "Documentation", "{D1D45B7D-AFB9-411D-A83D-502EDB5322E5}"
	ProjectSection(SolutionItems) = preProject
		README.md = README.md
	EndProjectSection
EndProject
Project("{9A19103F-16F7-4668-BE54-9A1E7A4F7556}") = "MakersOfDenmark.Application.Test", "tests\MakersOfDenmark.Application.Test\MakersOfDenmark.Application.Test.csproj", "{913849E2-E2C6-433E-A59D-C75B6C278B6F}"
EndProject
Project("{9A19103F-16F7-4668-BE54-9A1E7A4F7556}") = "MakersOfDenmark.WebAPI.Tests", "tests\MakersOfDenmark.WebAPI.Controller.Tests\MakersOfDenmark.WebAPI.Tests.csproj", "{E935896E-4917-4C27-814C-AE376B0303D0}"
EndProject
Project("{FAE04EC0-301F-11D3-BF4B-00C04F79EFBC}") = "MakersOfDenmark.BDD", "tests\MakersOfDenmark.BDD\MakersOfDenmark.BDD.csproj", "{D870F34B-919E-4AE0-80AF-4983EF1519C2}"
EndProject
Global
	GlobalSection(SolutionConfigurationPlatforms) = preSolution
		Debug|Any CPU = Debug|Any CPU
		Release|Any CPU = Release|Any CPU
	EndGlobalSection
	GlobalSection(ProjectConfigurationPlatforms) = postSolution
		{C3B4E246-AF6F-401F-960F-06305AD70364}.Debug|Any CPU.ActiveCfg = Debug|Any CPU
		{C3B4E246-AF6F-401F-960F-06305AD70364}.Debug|Any CPU.Build.0 = Debug|Any CPU
		{C3B4E246-AF6F-401F-960F-06305AD70364}.Release|Any CPU.ActiveCfg = Release|Any CPU
		{C3B4E246-AF6F-401F-960F-06305AD70364}.Release|Any CPU.Build.0 = Release|Any CPU
		{F270BC4D-BD71-4922-A751-131D8CF13482}.Debug|Any CPU.ActiveCfg = Debug|Any CPU
		{F270BC4D-BD71-4922-A751-131D8CF13482}.Debug|Any CPU.Build.0 = Debug|Any CPU
		{F270BC4D-BD71-4922-A751-131D8CF13482}.Release|Any CPU.ActiveCfg = Release|Any CPU
		{F270BC4D-BD71-4922-A751-131D8CF13482}.Release|Any CPU.Build.0 = Release|Any CPU
		{CEA24EB9-D82F-426B-802C-5D255B452456}.Debug|Any CPU.ActiveCfg = Debug|Any CPU
		{CEA24EB9-D82F-426B-802C-5D255B452456}.Debug|Any CPU.Build.0 = Debug|Any CPU
		{CEA24EB9-D82F-426B-802C-5D255B452456}.Release|Any CPU.ActiveCfg = Release|Any CPU
		{CEA24EB9-D82F-426B-802C-5D255B452456}.Release|Any CPU.Build.0 = Release|Any CPU
		{10DC8E11-D843-45AC-A04E-DCAA98AB79D4}.Debug|Any CPU.ActiveCfg = Debug|Any CPU
		{10DC8E11-D843-45AC-A04E-DCAA98AB79D4}.Debug|Any CPU.Build.0 = Debug|Any CPU
		{10DC8E11-D843-45AC-A04E-DCAA98AB79D4}.Release|Any CPU.ActiveCfg = Release|Any CPU
		{10DC8E11-D843-45AC-A04E-DCAA98AB79D4}.Release|Any CPU.Build.0 = Release|Any CPU
		{913849E2-E2C6-433E-A59D-C75B6C278B6F}.Debug|Any CPU.ActiveCfg = Debug|Any CPU
		{913849E2-E2C6-433E-A59D-C75B6C278B6F}.Debug|Any CPU.Build.0 = Debug|Any CPU
		{913849E2-E2C6-433E-A59D-C75B6C278B6F}.Release|Any CPU.ActiveCfg = Release|Any CPU
		{913849E2-E2C6-433E-A59D-C75B6C278B6F}.Release|Any CPU.Build.0 = Release|Any CPU
		{E935896E-4917-4C27-814C-AE376B0303D0}.Debug|Any CPU.ActiveCfg = Debug|Any CPU
		{E935896E-4917-4C27-814C-AE376B0303D0}.Debug|Any CPU.Build.0 = Debug|Any CPU
		{E935896E-4917-4C27-814C-AE376B0303D0}.Release|Any CPU.ActiveCfg = Release|Any CPU
		{E935896E-4917-4C27-814C-AE376B0303D0}.Release|Any CPU.Build.0 = Release|Any CPU
		{D870F34B-919E-4AE0-80AF-4983EF1519C2}.Debug|Any CPU.ActiveCfg = Debug|Any CPU
		{D870F34B-919E-4AE0-80AF-4983EF1519C2}.Debug|Any CPU.Build.0 = Debug|Any CPU
		{D870F34B-919E-4AE0-80AF-4983EF1519C2}.Release|Any CPU.ActiveCfg = Release|Any CPU
		{D870F34B-919E-4AE0-80AF-4983EF1519C2}.Release|Any CPU.Build.0 = Release|Any CPU
	EndGlobalSection
	GlobalSection(SolutionProperties) = preSolution
		HideSolutionNode = FALSE
	EndGlobalSection
	GlobalSection(NestedProjects) = preSolution
		{C3B4E246-AF6F-401F-960F-06305AD70364} = {674D6F1D-297B-47C2-8168-D8B91E3DB589}
		{F270BC4D-BD71-4922-A751-131D8CF13482} = {674D6F1D-297B-47C2-8168-D8B91E3DB589}
		{CEA24EB9-D82F-426B-802C-5D255B452456} = {674D6F1D-297B-47C2-8168-D8B91E3DB589}
		{10DC8E11-D843-45AC-A04E-DCAA98AB79D4} = {674D6F1D-297B-47C2-8168-D8B91E3DB589}
		{578CC49D-2476-41DC-B9D5-EFAB27F367AF} = {F33F0513-215B-440A-8876-1D113B664EDA}
		{913849E2-E2C6-433E-A59D-C75B6C278B6F} = {D8F12AF3-38F9-4EE5-B838-BCB4BEA36FD4}
		{E935896E-4917-4C27-814C-AE376B0303D0} = {D8F12AF3-38F9-4EE5-B838-BCB4BEA36FD4}
		{D870F34B-919E-4AE0-80AF-4983EF1519C2} = {D8F12AF3-38F9-4EE5-B838-BCB4BEA36FD4}
	EndGlobalSection
	GlobalSection(ExtensibilityGlobals) = postSolution
		SolutionGuid = {A477089D-56EB-438A-B4AB-EE775777E155}
	EndGlobalSection
EndGlobal
