
Microsoft Visual Studio Solution File, Format Version 12.00
# Visual Studio Version 16
VisualStudioVersion = 16.0.30204.135
MinimumVisualStudioVersion = 10.0.40219.1
Project("{2150E333-8FDC-42A3-9474-1A3956D46DE8}") = "src", "src", "{674D6F1D-297B-47C2-8168-D8B91E3DB589}"
EndProject
Project("{9A19103F-16F7-4668-BE54-9A1E7A4F7556}") = "MakersOfDenmark.WebAPI", "src\MakersOfDenmark.WebAPI\MakersOfDenmark.WebAPI.csproj", "{C3B4E246-AF6F-401F-960F-06305AD70364}"
EndProject
Project("{2150E333-8FDC-42A3-9474-1A3956D46DE8}") = "tests", "tests", "{D8F12AF3-38F9-4EE5-B838-BCB4BEA36FD4}"
EndProject
Project("{FAE04EC0-301F-11D3-BF4B-00C04F79EFBC}") = "MakersOfDenmark.WebAPI.Tests", "tests\MakersOfDenmark.WebAPI.Tests\MakersOfDenmark.WebAPI.Tests.csproj", "{5FFF062D-A5BA-4C2A-A5AA-E9949B0CDC2E}"
EndProject
Project("{FAE04EC0-301F-11D3-BF4B-00C04F79EFBC}") = "MakersOfDenmark.Domain", "src\MakersOfDenmark.Domain\MakersOfDenmark.Domain.csproj", "{F270BC4D-BD71-4922-A751-131D8CF13482}"
EndProject
Project("{FAE04EC0-301F-11D3-BF4B-00C04F79EFBC}") = "MakersOfDenmark.Application", "src\MakersOfDenmark.Application\MakersOfDenmark.Application.csproj", "{CEA24EB9-D82F-426B-802C-5D255B452456}"
EndProject
Project("{FAE04EC0-301F-11D3-BF4B-00C04F79EFBC}") = "MakersOfDenmark.Shared", "src\MakersOfDenmark.Shared\MakersOfDenmark.Shared.csproj", "{186307BE-B3D7-41D0-8D3F-670D58823EEF}"
EndProject
Global
	GlobalSection(SolutionConfigurationPlatforms) = preSolution
		Debug|Any CPU = Debug|Any CPU
		Release|Any CPU = Release|Any CPU
	EndGlobalSection
	GlobalSection(ProjectConfigurationPlatforms) = postSolution
		{C3B4E246-AF6F-401F-960F-06305AD70364}.Debug|Any CPU.ActiveCfg = Debug|Any CPU
		{C3B4E246-AF6F-401F-960F-06305AD70364}.Debug|Any CPU.Build.0 = Debug|Any CPU
		{C3B4E246-AF6F-401F-960F-06305AD70364}.Release|Any CPU.ActiveCfg = Release|Any CPU
		{C3B4E246-AF6F-401F-960F-06305AD70364}.Release|Any CPU.Build.0 = Release|Any CPU
		{5FFF062D-A5BA-4C2A-A5AA-E9949B0CDC2E}.Debug|Any CPU.ActiveCfg = Debug|Any CPU
		{5FFF062D-A5BA-4C2A-A5AA-E9949B0CDC2E}.Debug|Any CPU.Build.0 = Debug|Any CPU
		{5FFF062D-A5BA-4C2A-A5AA-E9949B0CDC2E}.Release|Any CPU.ActiveCfg = Release|Any CPU
		{5FFF062D-A5BA-4C2A-A5AA-E9949B0CDC2E}.Release|Any CPU.Build.0 = Release|Any CPU
		{F270BC4D-BD71-4922-A751-131D8CF13482}.Debug|Any CPU.ActiveCfg = Debug|Any CPU
		{F270BC4D-BD71-4922-A751-131D8CF13482}.Debug|Any CPU.Build.0 = Debug|Any CPU
		{F270BC4D-BD71-4922-A751-131D8CF13482}.Release|Any CPU.ActiveCfg = Release|Any CPU
		{F270BC4D-BD71-4922-A751-131D8CF13482}.Release|Any CPU.Build.0 = Release|Any CPU
		{CEA24EB9-D82F-426B-802C-5D255B452456}.Debug|Any CPU.ActiveCfg = Debug|Any CPU
		{CEA24EB9-D82F-426B-802C-5D255B452456}.Debug|Any CPU.Build.0 = Debug|Any CPU
		{CEA24EB9-D82F-426B-802C-5D255B452456}.Release|Any CPU.ActiveCfg = Release|Any CPU
		{CEA24EB9-D82F-426B-802C-5D255B452456}.Release|Any CPU.Build.0 = Release|Any CPU
		{186307BE-B3D7-41D0-8D3F-670D58823EEF}.Debug|Any CPU.ActiveCfg = Debug|Any CPU
		{186307BE-B3D7-41D0-8D3F-670D58823EEF}.Debug|Any CPU.Build.0 = Debug|Any CPU
		{186307BE-B3D7-41D0-8D3F-670D58823EEF}.Release|Any CPU.ActiveCfg = Release|Any CPU
		{186307BE-B3D7-41D0-8D3F-670D58823EEF}.Release|Any CPU.Build.0 = Release|Any CPU
	EndGlobalSection
	GlobalSection(SolutionProperties) = preSolution
		HideSolutionNode = FALSE
	EndGlobalSection
	GlobalSection(NestedProjects) = preSolution
		{C3B4E246-AF6F-401F-960F-06305AD70364} = {674D6F1D-297B-47C2-8168-D8B91E3DB589}
		{5FFF062D-A5BA-4C2A-A5AA-E9949B0CDC2E} = {D8F12AF3-38F9-4EE5-B838-BCB4BEA36FD4}
		{F270BC4D-BD71-4922-A751-131D8CF13482} = {674D6F1D-297B-47C2-8168-D8B91E3DB589}
		{CEA24EB9-D82F-426B-802C-5D255B452456} = {674D6F1D-297B-47C2-8168-D8B91E3DB589}
		{186307BE-B3D7-41D0-8D3F-670D58823EEF} = {674D6F1D-297B-47C2-8168-D8B91E3DB589}
	EndGlobalSection
	GlobalSection(ExtensibilityGlobals) = postSolution
		SolutionGuid = {A477089D-56EB-438A-B4AB-EE775777E155}
	EndGlobalSection
EndGlobal
